
Microsoft Visual Studio Solution File, Format Version 12.00
# Visual Studio Version 16
VisualStudioVersion = 16.0.34407.143
MinimumVisualStudioVersion = 10.0.40219.1
Project("{FAE04EC0-301F-11D3-BF4B-00C04F79EFBC}") = "ProjetoAPP", "ProjetoAPP\ProjetoAPP.csproj", "{3C692C5F-4E7B-40F3-87ED-B718F063DCBE}"
EndProject
Global
	GlobalSection(SolutionConfigurationPlatforms) = preSolution
		Debug|Any CPU = Debug|Any CPU
		Release|Any CPU = Release|Any CPU
	EndGlobalSection
	GlobalSection(ProjectConfigurationPlatforms) = postSolution
		{3C692C5F-4E7B-40F3-87ED-B718F063DCBE}.Debug|Any CPU.ActiveCfg = Debug|Any CPU
		{3C692C5F-4E7B-40F3-87ED-B718F063DCBE}.Debug|Any CPU.Build.0 = Debug|Any CPU
		{3C692C5F-4E7B-40F3-87ED-B718F063DCBE}.Release|Any CPU.ActiveCfg = Release|Any CPU
		{3C692C5F-4E7B-40F3-87ED-B718F063DCBE}.Release|Any CPU.Build.0 = Release|Any CPU
	EndGlobalSection
	GlobalSection(SolutionProperties) = preSolution
		HideSolutionNode = FALSE
	EndGlobalSection
	GlobalSection(ExtensibilityGlobals) = postSolution
		SolutionGuid = {37A937E6-1E19-46D1-9735-F06195190CCE}
	EndGlobalSection
EndGlobal
